
Microsoft Visual Studio Solution File, Format Version 12.00
# Visual Studio Version 16
VisualStudioVersion = 16.0.29102.190
MinimumVisualStudioVersion = 10.0.40219.1
Project("{FAE04EC0-301F-11D3-BF4B-00C04F79EFBC}") = "ServiceLocator", "ServiceLocator\ServiceLocator.csproj", "{289E22D6-1A06-456D-A432-01FE89082F1B}"
EndProject
Global
	GlobalSection(SolutionConfigurationPlatforms) = preSolution
		Debug|Any CPU = Debug|Any CPU
		Release|Any CPU = Release|Any CPU
	EndGlobalSection
	GlobalSection(ProjectConfigurationPlatforms) = postSolution
		{289E22D6-1A06-456D-A432-01FE89082F1B}.Debug|Any CPU.ActiveCfg = Debug|Any CPU
		{289E22D6-1A06-456D-A432-01FE89082F1B}.Debug|Any CPU.Build.0 = Debug|Any CPU
		{289E22D6-1A06-456D-A432-01FE89082F1B}.Release|Any CPU.ActiveCfg = Release|Any CPU
		{289E22D6-1A06-456D-A432-01FE89082F1B}.Release|Any CPU.Build.0 = Release|Any CPU
	EndGlobalSection
	GlobalSection(SolutionProperties) = preSolution
		HideSolutionNode = FALSE
	EndGlobalSection
	GlobalSection(ExtensibilityGlobals) = postSolution
		SolutionGuid = {2D0FFDAD-30C8-4385-B354-3A76CC998803}
	EndGlobalSection
EndGlobal
